# This file is automatically @generated by Cargo.
# It is not intended for manual editing.
[[package]]
name = "memalloc"
version = "0.1.0"
source = "registry+https://github.com/rust-lang/crates.io-index"
checksum = "df39d232f5c40b0891c10216992c2f250c054105cb1e56f0fc9032db6203ecc1"

[[package]]
name = "plug-blue"
version = "0.1.0"
dependencies = [
 "plug-std",
]

[[package]]
name = "plug-std"
version = "0.1.0"
dependencies = [
 "memalloc",
]
